
Microsoft Visual Studio Solution File, Format Version 12.00
# Visual Studio Version 17
VisualStudioVersion = 17.9.34714.143
MinimumVisualStudioVersion = 10.0.40219.1
Project("{FAE04EC0-301F-11D3-BF4B-00C04F79EFBC}") = "Kursovaya_BD1", "Kursovaya_BD1\Kursovaya_BD1.csproj", "{57811F86-CF69-4128-A6C1-7254E8F9D1D0}"
EndProject
Global
	GlobalSection(SolutionConfigurationPlatforms) = preSolution
		Debug|Any CPU = Debug|Any CPU
		Release|Any CPU = Release|Any CPU
	EndGlobalSection
	GlobalSection(ProjectConfigurationPlatforms) = postSolution
		{57811F86-CF69-4128-A6C1-7254E8F9D1D0}.Debug|Any CPU.ActiveCfg = Debug|Any CPU
		{57811F86-CF69-4128-A6C1-7254E8F9D1D0}.Debug|Any CPU.Build.0 = Debug|Any CPU
		{57811F86-CF69-4128-A6C1-7254E8F9D1D0}.Release|Any CPU.ActiveCfg = Release|Any CPU
		{57811F86-CF69-4128-A6C1-7254E8F9D1D0}.Release|Any CPU.Build.0 = Release|Any CPU
	EndGlobalSection
	GlobalSection(SolutionProperties) = preSolution
		HideSolutionNode = FALSE
	EndGlobalSection
	GlobalSection(ExtensibilityGlobals) = postSolution
		SolutionGuid = {82F8F247-2FBD-43BD-A199-54A263BE889D}
	EndGlobalSection
EndGlobal
